
Microsoft Visual Studio Solution File, Format Version 12.00
# Visual Studio 15
VisualStudioVersion = 15.0.28307.421
MinimumVisualStudioVersion = 10.0.40219.1
Project("{FAE04EC0-301F-11D3-BF4B-00C04F79EFBC}") = "2-raj", "2-raj\2-raj.csproj", "{28A46A95-70D6-4E5E-B131-E9B6FBF564A3}"
EndProject
Global
	GlobalSection(SolutionConfigurationPlatforms) = preSolution
		Debug|Any CPU = Debug|Any CPU
		Release|Any CPU = Release|Any CPU
	EndGlobalSection
	GlobalSection(ProjectConfigurationPlatforms) = postSolution
		{28A46A95-70D6-4E5E-B131-E9B6FBF564A3}.Debug|Any CPU.ActiveCfg = Debug|Any CPU
		{28A46A95-70D6-4E5E-B131-E9B6FBF564A3}.Debug|Any CPU.Build.0 = Debug|Any CPU
		{28A46A95-70D6-4E5E-B131-E9B6FBF564A3}.Release|Any CPU.ActiveCfg = Release|Any CPU
		{28A46A95-70D6-4E5E-B131-E9B6FBF564A3}.Release|Any CPU.Build.0 = Release|Any CPU
	EndGlobalSection
	GlobalSection(SolutionProperties) = preSolution
		HideSolutionNode = FALSE
	EndGlobalSection
	GlobalSection(ExtensibilityGlobals) = postSolution
		SolutionGuid = {A9B3470E-1C7B-4D2A-AABD-E233E1418940}
	EndGlobalSection
EndGlobal
